
Microsoft Visual Studio Solution File, Format Version 12.00
# Visual Studio Version 17
VisualStudioVersion = 17.1.32414.318
MinimumVisualStudioVersion = 10.0.40219.1
Project("{9A19103F-16F7-4668-BE54-9A1E7A4F7556}") = "ShopOnlineWeb", "ShopOnlineWeb\ShopOnlineWeb.csproj", "{7941CCD0-BADC-4676-8D99-2C77281900D2}"
EndProject
Project("{9A19103F-16F7-4668-BE54-9A1E7A4F7556}") = "ShopOnlineApi", "ShopOnlineApi\ShopOnlineApi.csproj", "{8DFFA843-37E5-409B-AFCE-9A2B861BE2C4}"
EndProject
Project("{FAE04EC0-301F-11D3-BF4B-00C04F79EFBC}") = "ShopOnline.Models", "ShopOnline.Models\ShopOnline.Models.csproj", "{D58B98B1-D16B-4005-9232-70C65E78BDE3}"
EndProject
Global
	GlobalSection(SolutionConfigurationPlatforms) = preSolution
		Debug|Any CPU = Debug|Any CPU
		Release|Any CPU = Release|Any CPU
	EndGlobalSection
	GlobalSection(ProjectConfigurationPlatforms) = postSolution
		{7941CCD0-BADC-4676-8D99-2C77281900D2}.Debug|Any CPU.ActiveCfg = Debug|Any CPU
		{7941CCD0-BADC-4676-8D99-2C77281900D2}.Debug|Any CPU.Build.0 = Debug|Any CPU
		{7941CCD0-BADC-4676-8D99-2C77281900D2}.Release|Any CPU.ActiveCfg = Release|Any CPU
		{7941CCD0-BADC-4676-8D99-2C77281900D2}.Release|Any CPU.Build.0 = Release|Any CPU
		{8DFFA843-37E5-409B-AFCE-9A2B861BE2C4}.Debug|Any CPU.ActiveCfg = Debug|Any CPU
		{8DFFA843-37E5-409B-AFCE-9A2B861BE2C4}.Debug|Any CPU.Build.0 = Debug|Any CPU
		{8DFFA843-37E5-409B-AFCE-9A2B861BE2C4}.Release|Any CPU.ActiveCfg = Release|Any CPU
		{8DFFA843-37E5-409B-AFCE-9A2B861BE2C4}.Release|Any CPU.Build.0 = Release|Any CPU
		{D58B98B1-D16B-4005-9232-70C65E78BDE3}.Debug|Any CPU.ActiveCfg = Debug|Any CPU
		{D58B98B1-D16B-4005-9232-70C65E78BDE3}.Debug|Any CPU.Build.0 = Debug|Any CPU
		{D58B98B1-D16B-4005-9232-70C65E78BDE3}.Release|Any CPU.ActiveCfg = Release|Any CPU
		{D58B98B1-D16B-4005-9232-70C65E78BDE3}.Release|Any CPU.Build.0 = Release|Any CPU
	EndGlobalSection
	GlobalSection(SolutionProperties) = preSolution
		HideSolutionNode = FALSE
	EndGlobalSection
	GlobalSection(ExtensibilityGlobals) = postSolution
		SolutionGuid = {7E7D2900-72C9-4FB3-A4AB-5D579236B88C}
	EndGlobalSection
EndGlobal
